lockfileVersion: 5.3

specifiers:
  '@yuler/tsconfig': ^0.2.0
  miniprogram-api-typings: ^3.4.4

devDependencies:
  '@yuler/tsconfig': 0.2.0
  miniprogram-api-typings: 3.4.4

packages:

  /@yuler/tsconfig/0.2.0:
    resolution: {integrity: sha512-g6U7FQQEBMOpUhmZaDLnRospuuV/IPrE/ER0S/xCY3EmAHasXnPly+ityRAovPL3fpfXK9mqYtXnV/cOzdKhpQ==}
    engines: {node: '>=12'}
    dev: true

  /miniprogram-api-typings/3.4.4:
    resolution: {integrity: sha512-vT4avEJxCnscNXjY3rI0dNtU1tf/mNll9RhAS0uS+eN5IdQ7MrnG5thGOxjoWnDJSiPYLG912IMcf6KKsXEDAQ==}
    dev: true
